
Microsoft Visual Studio Solution File, Format Version 12.00
Project("{FAE04EC0-301F-11D3-BF4B-00C04F79EFBC}") = "AsigmaApiTemplate.Tests", "AsigmaApiTemplate.Tests\AsigmaApiTemplate.Tests.csproj", "{98A31AED-0BBA-43EA-BB43-5D214D6A7D2D}"
EndProject
Project("{FAE04EC0-301F-11D3-BF4B-00C04F79EFBC}") = "AsigmaApiTemplate.Api", "AsigmaApiTemplate.Api\AsigmaApiTemplate.Api.csproj", "{36D7EB19-FFC4-4E8C-AF7D-9C502A9A3C52}"
EndProject
Global
	GlobalSection(SolutionConfigurationPlatforms) = preSolution
		Debug|Any CPU = Debug|Any CPU
		Release|Any CPU = Release|Any CPU
	EndGlobalSection
	GlobalSection(ProjectConfigurationPlatforms) = postSolution
		{98A31AED-0BBA-43EA-BB43-5D214D6A7D2D}.Debug|Any CPU.ActiveCfg = Debug|Any CPU
		{98A31AED-0BBA-43EA-BB43-5D214D6A7D2D}.Debug|Any CPU.Build.0 = Debug|Any CPU
		{98A31AED-0BBA-43EA-BB43-5D214D6A7D2D}.Release|Any CPU.ActiveCfg = Release|Any CPU
		{98A31AED-0BBA-43EA-BB43-5D214D6A7D2D}.Release|Any CPU.Build.0 = Release|Any CPU
		{36D7EB19-FFC4-4E8C-AF7D-9C502A9A3C52}.Debug|Any CPU.ActiveCfg = Debug|Any CPU
		{36D7EB19-FFC4-4E8C-AF7D-9C502A9A3C52}.Debug|Any CPU.Build.0 = Debug|Any CPU
		{36D7EB19-FFC4-4E8C-AF7D-9C502A9A3C52}.Release|Any CPU.ActiveCfg = Release|Any CPU
		{36D7EB19-FFC4-4E8C-AF7D-9C502A9A3C52}.Release|Any CPU.Build.0 = Release|Any CPU
	EndGlobalSection
EndGlobal
